
Microsoft Visual Studio Solution File, Format Version 12.00
# Visual Studio Version 16
VisualStudioVersion = 16.0.29009.5
MinimumVisualStudioVersion = 10.0.40219.1
Project("{9A19103F-16F7-4668-BE54-9A1E7A4F7556}") = "azurefunct", "azurefunct\azurefunct.csproj", "{1BA89A12-CFA8-40DC-A685-096BB62672AE}"
EndProject
Global
	GlobalSection(SolutionConfigurationPlatforms) = preSolution
		Debug|Any CPU = Debug|Any CPU
		Release|Any CPU = Release|Any CPU
	EndGlobalSection
	GlobalSection(ProjectConfigurationPlatforms) = postSolution
		{1BA89A12-CFA8-40DC-A685-096BB62672AE}.Debug|Any CPU.ActiveCfg = Debug|Any CPU
		{1BA89A12-CFA8-40DC-A685-096BB62672AE}.Debug|Any CPU.Build.0 = Debug|Any CPU
		{1BA89A12-CFA8-40DC-A685-096BB62672AE}.Release|Any CPU.ActiveCfg = Release|Any CPU
		{1BA89A12-CFA8-40DC-A685-096BB62672AE}.Release|Any CPU.Build.0 = Release|Any CPU
	EndGlobalSection
	GlobalSection(SolutionProperties) = preSolution
		HideSolutionNode = FALSE
	EndGlobalSection
	GlobalSection(ExtensibilityGlobals) = postSolution
		SolutionGuid = {6F605925-31C5-4586-9397-06B46FCFAF2F}
	EndGlobalSection
EndGlobal
